// !$*UTF8*$!
{
	archiveVersion = 1;
	classes = {
	};
	objectVersion = 55;
	objects = {

/* Begin PBXBuildFile section */
		59A7D9AE272577F600087756 /* NoItemsView.swift in Sources */ = {isa = PBXBuildFile; fileRef = 59A7D9AD272577F600087756 /* NoItemsView.swift */; };
		59AE609927243532000ECBBC /* ToDoApp.swift in Sources */ = {isa = PBXBuildFile; fileRef = 59AE609827243532000ECBBC /* ToDoApp.swift */; };
		59AE609B27243532000ECBBC /* ContentView.swift in Sources */ = {isa = PBXBuildFile; fileRef = 59AE609A27243532000ECBBC /* ContentView.swift */; };
		59AE609D27243537000ECBBC /* Assets.xcassets in Resources */ = {isa = PBXBuildFile; fileRef = 59AE609C27243537000ECBBC /* Assets.xcassets */; };
		59AE60A027243537000ECBBC /* Preview Assets.xcassets in Resources */ = {isa = PBXBuildFile; fileRef = 59AE609F27243537000ECBBC /* Preview Assets.xcassets */; };
		59AE60A8272435BD000ECBBC /* ItemModel.swift in Sources */ = {isa = PBXBuildFile; fileRef = 59AE60A7272435BD000ECBBC /* ItemModel.swift */; };
		59AE60AA272435CE000ECBBC /* Category.swift in Sources */ = {isa = PBXBuildFile; fileRef = 59AE60A9272435CE000ECBBC /* Category.swift */; };
		59AE60AD27243602000ECBBC /* ListViewModel.swift in Sources */ = {isa = PBXBuildFile; fileRef = 59AE60AC27243602000ECBBC /* ListViewModel.swift */; };
		59AE60B027243621000ECBBC /* ListView.swift in Sources */ = {isa = PBXBuildFile; fileRef = 59AE60AF27243621000ECBBC /* ListView.swift */; };
		59AE60B227243636000ECBBC /* AddView.swift in Sources */ = {isa = PBXBuildFile; fileRef = 59AE60B127243636000ECBBC /* AddView.swift */; };
		59AE60B427243649000ECBBC /* RowView.swift in Sources */ = {isa = PBXBuildFile; fileRef = 59AE60B327243649000ECBBC /* RowView.swift */; };
		59AE60B7272436AF000ECBBC /* Main.xcdatamodeld in Sources */ = {isa = PBXBuildFile; fileRef = 59AE60B5272436AF000ECBBC /* Main.xcdatamodeld */; };
		59AE60C127247EAB000ECBBC /* AlertToast in Frameworks */ = {isa = PBXBuildFile; productRef = 59AE60C027247EAB000ECBBC /* AlertToast */; };
/* End PBXBuildFile section */

/* Begin PBXFileReference section */
		59A7D9AD272577F600087756 /* NoItemsView.swift */ = {isa = PBXFileReference; lastKnownFileType = sourcecode.swift; path = NoItemsView.swift; sourceTree = "<group>"; };
		59AE609527243532000ECBBC /* ToDo.app */ = {isa = PBXFileReference; explicitFileType = wrapper.application; includeInIndex = 0; path = ToDo.app; sourceTree = BUILT_PRODUCTS_DIR; };
		59AE609827243532000ECBBC /* ToDoApp.swift */ = {isa = PBXFileReference; lastKnownFileType = sourcecode.swift; path = ToDoApp.swift; sourceTree = "<group>"; };
		59AE609A27243532000ECBBC /* ContentView.swift */ = {isa = PBXFileReference; lastKnownFileType = sourcecode.swift; path = ContentView.swift; sourceTree = "<group>"; };
		59AE609C27243537000ECBBC /* Assets.xcassets */ = {isa = PBXFileReference; lastKnownFileType = folder.assetcatalog; path = Assets.xcassets; sourceTree = "<group>"; };
		59AE609F27243537000ECBBC /* Preview Assets.xcassets */ = {isa = PBXFileReference; lastKnownFileType = folder.assetcatalog; path = "Preview Assets.xcassets"; sourceTree = "<group>"; };
		59AE60A7272435BD000ECBBC /* ItemModel.swift */ = {isa = PBXFileReference; lastKnownFileType = sourcecode.swift; path = ItemModel.swift; sourceTree = "<group>"; };
		59AE60A9272435CE000ECBBC /* Category.swift */ = {isa = PBXFileReference; lastKnownFileType = sourcecode.swift; path = Category.swift; sourceTree = "<group>"; };
		59AE60AC27243602000ECBBC /* ListViewModel.swift */ = {isa = PBXFileReference; lastKnownFileType = sourcecode.swift; path = ListViewModel.swift; sourceTree = "<group>"; };
		59AE60AF27243621000ECBBC /* ListView.swift */ = {isa = PBXFileReference; lastKnownFileType = sourcecode.swift; path = ListView.swift; sourceTree = "<group>"; };
		59AE60B127243636000ECBBC /* AddView.swift */ = {isa = PBXFileReference; lastKnownFileType = sourcecode.swift; path = AddView.swift; sourceTree = "<group>"; };
		59AE60B327243649000ECBBC /* RowView.swift */ = {isa = PBXFileReference; lastKnownFileType = sourcecode.swift; path = RowView.swift; sourceTree = "<group>"; };
		59AE60B6272436AF000ECBBC /* Main.xcdatamodel */ = {isa = PBXFileReference; lastKnownFileType = wrapper.xcdatamodel; path = Main.xcdatamodel; sourceTree = "<group>"; };
/* End PBXFileReference section */

/* Begin PBXFrameworksBuildPhase section */
		59AE609227243532000ECBBC /* Frameworks */ = {
			isa = PBXFrameworksBuildPhase;
			buildActionMask = 2147483647;
			files = (
				59AE60C127247EAB000ECBBC /* AlertToast in Frameworks */,
			);
			runOnlyForDeploymentPostprocessing = 0;
		};
/* End PBXFrameworksBuildPhase section */

/* Begin PBXGroup section */
		59AE608C27243532000ECBBC = {
			isa = PBXGroup;
			children = (
				59AE609727243532000ECBBC /* ToDo */,
				59AE609627243532000ECBBC /* Products */,
			);
			sourceTree = "<group>";
		};
		59AE609627243532000ECBBC /* Products */ = {
			isa = PBXGroup;
			children = (
				59AE609527243532000ECBBC /* ToDo.app */,
			);
			name = Products;
			sourceTree = "<group>";
		};
		59AE609727243532000ECBBC /* ToDo */ = {
			isa = PBXGroup;
			children = (
				59AE609827243532000ECBBC /* ToDoApp.swift */,
				59AE60AB272435E9000ECBBC /* ViewModels */,
				59AE60A62724359D000ECBBC /* Models */,
				59AE60AE2724360E000ECBBC /* Views */,
				59AE609C27243537000ECBBC /* Assets.xcassets */,
				59AE609E27243537000ECBBC /* Preview Content */,
				59AE60B5272436AF000ECBBC /* Main.xcdatamodeld */,
			);
			path = ToDo;
			sourceTree = "<group>";
		};
		59AE609E27243537000ECBBC /* Preview Content */ = {
			isa = PBXGroup;
			children = (
				59AE609F27243537000ECBBC /* Preview Assets.xcassets */,
			);
			path = "Preview Content";
			sourceTree = "<group>";
		};
		59AE60A62724359D000ECBBC /* Models */ = {
			isa = PBXGroup;
			children = (
				59AE60A7272435BD000ECBBC /* ItemModel.swift */,
				59AE60A9272435CE000ECBBC /* Category.swift */,
			);
			path = Models;
			sourceTree = "<group>";
		};
		59AE60AB272435E9000ECBBC /* ViewModels */ = {
			isa = PBXGroup;
			children = (
				59AE60AC27243602000ECBBC /* ListViewModel.swift */,
			);
			path = ViewModels;
			sourceTree = "<group>";
		};
		59AE60AE2724360E000ECBBC /* Views */ = {
			isa = PBXGroup;
			children = (
				59AE609A27243532000ECBBC /* ContentView.swift */,
				59AE60AF27243621000ECBBC /* ListView.swift */,
				59AE60B127243636000ECBBC /* AddView.swift */,
				59AE60B327243649000ECBBC /* RowView.swift */,
				59A7D9AD272577F600087756 /* NoItemsView.swift */,
			);
			path = Views;
			sourceTree = "<group>";
		};
/* End PBXGroup section */

/* Begin PBXNativeTarget section */
		59AE609427243532000ECBBC /* ToDo */ = {
			isa = PBXNativeTarget;
			buildConfigurationList = 59AE60A327243537000ECBBC /* Build configuration list for PBXNativeTarget "ToDo" */;
			buildPhases = (
				59AE609127243532000ECBBC /* Sources */,
				59AE609227243532000ECBBC /* Frameworks */,
				59AE609327243532000ECBBC /* Resources */,
			);
			buildRules = (
			);
			dependencies = (
			);
			name = ToDo;
			packageProductDependencies = (
				59AE60C027247EAB000ECBBC /* AlertToast */,
			);
			productName = ToDo;
			productReference = 59AE609527243532000ECBBC /* ToDo.app */;
			productType = "com.apple.product-type.application";
		};
/* End PBXNativeTarget section */

/* Begin PBXProject section */
		59AE608D27243532000ECBBC /* Project object */ = {
			isa = PBXProject;
			attributes = {
				BuildIndependentTargetsInParallel = 1;
				LastSwiftUpdateCheck = 1300;
				LastUpgradeCheck = 1300;
				TargetAttributes = {
					59AE609427243532000ECBBC = {
						CreatedOnToolsVersion = 13.0;
					};
				};
			};
			buildConfigurationList = 59AE609027243532000ECBBC /* Build configuration list for PBXProject "ToDo" */;
			compatibilityVersion = "Xcode 13.0";
			developmentRegion = en;
			hasScannedForEncodings = 0;
			knownRegions = (
				en,
				Base,
			);
			mainGroup = 59AE608C27243532000ECBBC;
			packageReferences = (
				59AE60BF27247EAB000ECBBC /* XCRemoteSwiftPackageReference "AlertToast" */,
			);
			productRefGroup = 59AE609627243532000ECBBC /* Products */;
			projectDirPath = "";
			projectRoot = "";
			targets = (
				59AE609427243532000ECBBC /* ToDo */,
			);
		};
/* End PBXProject section */

/* Begin PBXResourcesBuildPhase section */
		59AE609327243532000ECBBC /* Resources */ = {
			isa = PBXResourcesBuildPhase;
			buildActionMask = 2147483647;
			files = (
				59AE60A027243537000ECBBC /* Preview Assets.xcassets in Resources */,
				59AE609D27243537000ECBBC /* Assets.xcassets in Resources */,
			);
			runOnlyForDeploymentPostprocessing = 0;
		};
/* End PBXResourcesBuildPhase section */

/* Begin PBXSourcesBuildPhase section */
		59AE609127243532000ECBBC /* Sources */ = {
			isa = PBXSourcesBuildPhase;
			buildActionMask = 2147483647;
			files = (
				59AE60B7272436AF000ECBBC /* Main.xcdatamodeld in Sources */,
				59AE60B227243636000ECBBC /* AddView.swift in Sources */,
				59AE60AD27243602000ECBBC /* ListViewModel.swift in Sources */,
				59AE60A8272435BD000ECBBC /* ItemModel.swift in Sources */,
				59A7D9AE272577F600087756 /* NoItemsView.swift in Sources */,
				59AE60B427243649000ECBBC /* RowView.swift in Sources */,
				59AE60B027243621000ECBBC /* ListView.swift in Sources */,
				59AE609B27243532000ECBBC /* ContentView.swift in Sources */,
				59AE609927243532000ECBBC /* ToDoApp.swift in Sources */,
				59AE60AA272435CE000ECBBC /* Category.swift in Sources */,
			);
			runOnlyForDeploymentPostprocessing = 0;
		};
/* End PBXSourcesBuildPhase section */

/* Begin XCBuildConfiguration section */
		59AE60A127243537000ECBBC /* Debug */ = {
			isa = XCBuildConfiguration;
			buildSettings = {
				ALWAYS_SEARCH_USER_PATHS = NO;
				CLANG_ANALYZER_NONNULL = YES;
				CLANG_ANALYZER_NUMBER_OBJECT_CONVERSION = YES_AGGRESSIVE;
				CLANG_CXX_LANGUAGE_STANDARD = "gnu++17";
				CLANG_CXX_LIBRARY = "libc++";
				CLANG_ENABLE_MODULES = YES;
				CLANG_ENABLE_OBJC_ARC = YES;
				CLANG_ENABLE_OBJC_WEAK = YES;
				CLANG_WARN_BLOCK_CAPTURE_AUTORELEASING = YES;
				CLANG_WARN_BOOL_CONVERSION = YES;
				CLANG_WARN_COMMA = YES;
				CLANG_WARN_CONSTANT_CONVERSION = YES;
				CLANG_WARN_DEPRECATED_OBJC_IMPLEMENTATIONS = YES;
				CLANG_WARN_DIRECT_OBJC_ISA_USAGE = YES_ERROR;
				CLANG_WARN_DOCUMENTATION_COMMENTS = YES;
				CLANG_WARN_EMPTY_BODY = YES;
				CLANG_WARN_ENUM_CONVERSION = YES;
				CLANG_WARN_INFINITE_RECURSION = YES;
				CLANG_WARN_INT_CONVERSION = YES;
				CLANG_WARN_NON_LITERAL_NULL_CONVERSION = YES;
				CLANG_WARN_OBJC_IMPLICIT_RETAIN_SELF = YES;
				CLANG_WARN_OBJC_LITERAL_CONVERSION = YES;
				CLANG_WARN_OBJC_ROOT_CLASS = YES_ERROR;
				CLANG_WARN_QUOTED_INCLUDE_IN_FRAMEWORK_HEADER = YES;
				CLANG_WARN_RANGE_LOOP_ANALYSIS = YES;
				CLANG_WARN_STRICT_PROTOTYPES = YES;
				CLANG_WARN_SUSPICIOUS_MOVE = YES;
				CLANG_WARN_UNGUARDED_AVAILABILITY = YES_AGGRESSIVE;
				CLANG_WARN_UNREACHABLE_CODE = YES;
				CLANG_WARN__DUPLICATE_METHOD_MATCH = YES;
				COPY_PHASE_STRIP = NO;
				DEBUG_INFORMATION_FORMAT = dwarf;
				ENABLE_STRICT_OBJC_MSGSEND = YES;
				ENABLE_TESTABILITY = YES;
				GCC_C_LANGUAGE_STANDARD = gnu11;
				GCC_DYNAMIC_NO_PIC = NO;
				GCC_NO_COMMON_BLOCKS = YES;
				GCC_OPTIMIZATION_LEVEL = 0;
				GCC_PREPROCESSOR_DEFINITIONS = (
					"DEBUG=1",
					"$(inherited)",
				);
				GCC_WARN_64_TO_32_BIT_CONVERSION = YES;
				GCC_WARN_ABOUT_RETURN_TYPE = YES_ERROR;
				GCC_WARN_UNDECLARED_SELECTOR = YES;
				GCC_WARN_UNINITIALIZED_AUTOS = YES_AGGRESSIVE;
				GCC_WARN_UNUSED_FUNCTION = YES;
				GCC_WARN_UNUSED_VARIABLE = YES;
				IPHONEOS_DEPLOYMENT_TARGET = 15.0;
				MTL_ENABLE_DEBUG_INFO = INCLUDE_SOURCE;
				MTL_FAST_MATH = YES;
				ONLY_ACTIVE_ARCH = YES;
				SDKROOT = iphoneos;
				SWIFT_ACTIVE_COMPILATION_CONDITIONS = DEBUG;
				SWIFT_OPTIMIZATION_LEVEL = "-Onone";
			};
			name = Debug;
		};
		59AE60A227243537000ECBBC /* Release */ = {
			isa = XCBuildConfiguration;
			buildSettings = {
				ALWAYS_SEARCH_USER_PATHS = NO;
				CLANG_ANALYZER_NONNULL = YES;
				CLANG_ANALYZER_NUMBER_OBJECT_CONVERSION = YES_AGGRESSIVE;
				CLANG_CXX_LANGUAGE_STANDARD = "gnu++17";
				CLANG_CXX_LIBRARY = "libc++";
				CLANG_ENABLE_MODULES = YES;
				CLANG_ENABLE_OBJC_ARC = YES;
				CLANG_ENABLE_OBJC_WEAK = YES;
				CLANG_WARN_BLOCK_CAPTURE_AUTORELEASING = YES;
				CLANG_WARN_BOOL_CONVERSION = YES;
				CLANG_WARN_COMMA = YES;
				CLANG_WARN_CONSTANT_CONVERSION = YES;
				CLANG_WARN_DEPRECATED_OBJC_IMPLEMENTATIONS = YES;
				CLANG_WARN_DIRECT_OBJC_ISA_USAGE = YES_ERROR;
				CLANG_WARN_DOCUMENTATION_COMMENTS = YES;
				CLANG_WARN_EMPTY_BODY = YES;
				CLANG_WARN_ENUM_CONVERSION = YES;
				CLANG_WARN_INFINITE_RECURSION = YES;
				CLANG_WARN_INT_CONVERSION = YES;
				CLANG_WARN_NON_LITERAL_NULL_CONVERSION = YES;
				CLANG_WARN_OBJC_IMPLICIT_RETAIN_SELF = YES;
				CLANG_WARN_OBJC_LITERAL_CONVERSION = YES;
				CLANG_WARN_OBJC_ROOT_CLASS = YES_ERROR;
				CLANG_WARN_QUOTED_INCLUDE_IN_FRAMEWORK_HEADER = YES;
				CLANG_WARN_RANGE_LOOP_ANALYSIS = YES;
				CLANG_WARN_STRICT_PROTOTYPES = YES;
				CLANG_WARN_SUSPICIOUS_MOVE = YES;
				CLANG_WARN_UNGUARDED_AVAILABILITY = YES_AGGRESSIVE;
				CLANG_WARN_UNREACHABLE_CODE = YES;
				CLANG_WARN__DUPLICATE_METHOD_MATCH = YES;
				COPY_PHASE_STRIP = NO;
				DEBUG_INFORMATION_FORMAT = "dwarf-with-dsym";
				ENABLE_NS_ASSERTIONS = NO;
				ENABLE_STRICT_OBJC_MSGSEND = YES;
				GCC_C_LANGUAGE_STANDARD = gnu11;
				GCC_NO_COMMON_BLOCKS = YES;
				GCC_WARN_64_TO_32_BIT_CONVERSION = YES;
				GCC_WARN_ABOUT_RETURN_TYPE = YES_ERROR;
				GCC_WARN_UNDECLARED_SELECTOR = YES;
				GCC_WARN_UNINITIALIZED_AUTOS = YES_AGGRESSIVE;
				GCC_WARN_UNUSED_FUNCTION = YES;
				GCC_WARN_UNUSED_VARIABLE = YES;
				IPHONEOS_DEPLOYMENT_TARGET = 15.0;
				MTL_ENABLE_DEBUG_INFO = NO;
				MTL_FAST_MATH = YES;
				SDKROOT = iphoneos;
				SWIFT_COMPILATION_MODE = wholemodule;
				SWIFT_OPTIMIZATION_LEVEL = "-O";
				VALIDATE_PRODUCT = YES;
			};
			name = Release;
		};
		59AE60A427243537000ECBBC /* Debug */ = {
			isa = XCBuildConfiguration;
			buildSettings = {
				ASSETCATALOG_COMPILER_APPICON_NAME = AppIcon;
				ASSETCATALOG_COMPILER_GLOBAL_ACCENT_COLOR_NAME = AccentColor;
				CODE_SIGN_STYLE = Automatic;
				CURRENT_PROJECT_VERSION = 1;
				DEVELOPMENT_ASSET_PATHS = "\"ToDo/Preview Content\"";
				DEVELOPMENT_TEAM = Z7QMGLBA5F;
				ENABLE_PREVIEWS = YES;
				GENERATE_INFOPLIST_FILE = YES;
				INFOPLIST_KEY_UIApplicationSceneManifest_Generation = YES;
				INFOPLIST_KEY_UIApplicationSupportsIndirectInputEvents = YES;
				INFOPLIST_KEY_UILaunchScreen_Generation = YES;
				INFOPLIST_KEY_UISupportedInterfaceOrientations_iPad = "UIInterfaceOrientationPortrait UIInterfaceOrientationPortraitUpsideDown UIInterfaceOrientationLandscapeLeft UIInterfaceOrientationLandscapeRight";
				INFOPLIST_KEY_UISupportedInterfaceOrientations_iPhone = "UIInterfaceOrientationPortrait UIInterfaceOrientationLandscapeLeft UIInterfaceOrientationLandscapeRight";
				IPHONEOS_DEPLOYMENT_TARGET = 15.0;
				LD_RUNPATH_SEARCH_PATHS = (
					"$(inherited)",
					"@executable_path/Frameworks",
				);
				MARKETING_VERSION = 1.0;
				PRODUCT_BUNDLE_IDENTIFIER = com.zari.ToDo;
				PRODUCT_NAME = "$(TARGET_NAME)";
				SWIFT_EMIT_LOC_STRINGS = YES;
				SWIFT_VERSION = 5.0;
				TARGETED_DEVICE_FAMILY = "1,2";
			};
			name = Debug;
		};
		59AE60A527243537000ECBBC /* Release */ = {
			isa = XCBuildConfiguration;
			buildSettings = {
				ASSETCATALOG_COMPILER_APPICON_NAME = AppIcon;
				ASSETCATALOG_COMPILER_GLOBAL_ACCENT_COLOR_NAME = AccentColor;
				CODE_SIGN_STYLE = Automatic;
				CURRENT_PROJECT_VERSION = 1;
				DEVELOPMENT_ASSET_PATHS = "\"ToDo/Preview Content\"";
				DEVELOPMENT_TEAM = Z7QMGLBA5F;
				ENABLE_PREVIEWS = YES;
				GENERATE_INFOPLIST_FILE = YES;
				INFOPLIST_KEY_UIApplicationSceneManifest_Generation = YES;
				INFOPLIST_KEY_UIApplicationSupportsIndirectInputEvents = YES;
				INFOPLIST_KEY_UILaunchScreen_Generation = YES;
				INFOPLIST_KEY_UISupportedInterfaceOrientations_iPad = "UIInterfaceOrientationPortrait UIInterfaceOrientationPortraitUpsideDown UIInterfaceOrientationLandscapeLeft UIInterfaceOrientationLandscapeRight";
				INFOPLIST_KEY_UISupportedInterfaceOrientations_iPhone = "UIInterfaceOrientationPortrait UIInterfaceOrientationLandscapeLeft UIInterfaceOrientationLandscapeRight";
				IPHONEOS_DEPLOYMENT_TARGET = 15.0;
				LD_RUNPATH_SEARCH_PATHS = (
					"$(inherited)",
					"@executable_path/Frameworks",
				);
				MARKETING_VERSION = 1.0;
				PRODUCT_BUNDLE_IDENTIFIER = com.zari.ToDo;
				PRODUCT_NAME = "$(TARGET_NAME)";
				SWIFT_EMIT_LOC_STRINGS = YES;
				SWIFT_VERSION = 5.0;
				TARGETED_DEVICE_FAMILY = "1,2";
			};
			name = Release;
		};
/* End XCBuildConfiguration section */

/* Begin XCConfigurationList section */
		59AE609027243532000ECBBC /* Build configuration list for PBXProject "ToDo" */ = {
			isa = XCConfigurationList;
			buildConfigurations = (
				59AE60A127243537000ECBBC /* Debug */,
				59AE60A227243537000ECBBC /* Release */,
			);
			defaultConfigurationIsVisible = 0;
			defaultConfigurationName = Release;
		};
		59AE60A327243537000ECBBC /* Build configuration list for PBXNativeTarget "ToDo" */ = {
			isa = XCConfigurationList;
			buildConfigurations = (
				59AE60A427243537000ECBBC /* Debug */,
				59AE60A527243537000ECBBC /* Release */,
			);
			defaultConfigurationIsVisible = 0;
			defaultConfigurationName = Release;
		};
/* End XCConfigurationList section */

/* Begin XCRemoteSwiftPackageReference section */
		59AE60BF27247EAB000ECBBC /* XCRemoteSwiftPackageReference "AlertToast" */ = {
			isa = XCRemoteSwiftPackageReference;
			repositoryURL = "https://github.com/elai950/AlertToast";
			requirement = {
				kind = upToNextMajorVersion;
				minimumVersion = 1.0.0;
			};
		};
/* End XCRemoteSwiftPackageReference section */

/* Begin XCSwiftPackageProductDependency section */
		59AE60C027247EAB000ECBBC /* AlertToast */ = {
			isa = XCSwiftPackageProductDependency;
			package = 59AE60BF27247EAB000ECBBC /* XCRemoteSwiftPackageReference "AlertToast" */;
			productName = AlertToast;
		};
/* End XCSwiftPackageProductDependency section */

/* Begin XCVersionGroup section */
		59AE60B5272436AF000ECBBC /* Main.xcdatamodeld */ = {
			isa = XCVersionGroup;
			children = (
				59AE60B6272436AF000ECBBC /* Main.xcdatamodel */,
			);
			currentVersion = 59AE60B6272436AF000ECBBC /* Main.xcdatamodel */;
			path = Main.xcdatamodeld;
			sourceTree = "<group>";
			versionGroupType = wrapper.xcdatamodel;
		};
/* End XCVersionGroup section */
	};
	rootObject = 59AE608D27243532000ECBBC /* Project object */;
}
